{
  "name": "test-03",
  "version": "1.0.0",
  "lockfileVersion": 1,
  "requires": true,
  "dependencies": {
    "date-from-string": {
      "version": "1.0.1",
      "resolved": "https://registry.npmjs.org/date-from-string/-/date-from-string-1.0.1.tgz",
      "integrity": "sha512-X9lTOjhrtwOMuT3tBJ3DphMNi2S9dGDZPxyGzJKtCc66osc/RSCr8V9tPNwFGrY15oSPEpO5B9ho1Ew1GdH3Lw=="
    }
  }
}
